// !$*UTF8*$!
{
	archiveVersion = 1;
	classes = {
	};
	objectVersion = 46;
	objects = {

/* Begin PBXBuildFile section */
		3E2F83821E4B07D400F459A8 /* TestFrameWork.h in Headers */ = {isa = PBXBuildFile; fileRef = 3E2F83801E4B07D400F459A8 /* TestFrameWork.h */; settings = {ATTRIBUTES = (Public, ); }; };
		3E2F838B1E4B086C00F459A8 /* TTViewController.h in Headers */ = {isa = PBXBuildFile; fileRef = 3E2F83881E4B086C00F459A8 /* TTViewController.h */; settings = {ATTRIBUTES = (Public, ); }; };
		3E2F838C1E4B086C00F459A8 /* TTViewController.m in Sources */ = {isa = PBXBuildFile; fileRef = 3E2F83891E4B086C00F459A8 /* TTViewController.m */; };
		3E2F83901E4B08D500F459A8 /* ViewController1.h in Headers */ = {isa = PBXBuildFile; fileRef = 3E2F838E1E4B08D500F459A8 /* ViewController1.h */; };
		3E2F83911E4B08D500F459A8 /* ViewController1.m in Sources */ = {isa = PBXBuildFile; fileRef = 3E2F838F1E4B08D500F459A8 /* ViewController1.m */; };
		3E2F83941E4B08E400F459A8 /* DrawView.h in Headers */ = {isa = PBXBuildFile; fileRef = 3E2F83921E4B08E400F459A8 /* DrawView.h */; };
		3E2F83951E4B08E400F459A8 /* DrawView.m in Sources */ = {isa = PBXBuildFile; fileRef = 3E2F83931E4B08E400F459A8 /* DrawView.m */; };
		3E2F83A91E4B16DC00F459A8 /* TTViewController3.h in Headers */ = {isa = PBXBuildFile; fileRef = 3E2F83A61E4B16DC00F459A8 /* TTViewController3.h */; };
		3E2F83AA1E4B16DC00F459A8 /* TTViewController3.m in Sources */ = {isa = PBXBuildFile; fileRef = 3E2F83A71E4B16DC00F459A8 /* TTViewController3.m */; };
		3EABDEE71E4C0FD000DB0422 /* TTViewController3.xib in Resources */ = {isa = PBXBuildFile; fileRef = 3EABDEE61E4C0FD000DB0422 /* TTViewController3.xib */; };
		3EABDEF21E4C100000DB0422 /* TTViewController3.xib in Resources */ = {isa = PBXBuildFile; fileRef = 3EABDEE61E4C0FD000DB0422 /* TTViewController3.xib */; };
		3EABDEFC1E4C124000DB0422 /* pop@2x.png in Resources */ = {isa = PBXBuildFile; fileRef = 3EABDEFB1E4C124000DB0422 /* pop@2x.png */; };
		3EABDEFD1E4C13BB00DB0422 /* pop@2x.png in Resources */ = {isa = PBXBuildFile; fileRef = 3EABDEFB1E4C124000DB0422 /* pop@2x.png */; };
/* End PBXBuildFile section */

/* Begin PBXFileReference section */
		3E2F837D1E4B07D400F459A8 /* TestFrameWork.framework */ = {isa = PBXFileReference; explicitFileType = wrapper.framework; includeInIndex = 0; path = TestFrameWork.framework; sourceTree = BUILT_PRODUCTS_DIR; };
		3E2F83801E4B07D400F459A8 /* TestFrameWork.h */ = {isa = PBXFileReference; lastKnownFileType = sourcecode.c.h; path = TestFrameWork.h; sourceTree = "<group>"; };
		3E2F83811E4B07D400F459A8 /* Info.plist */ = {isa = PBXFileReference; lastKnownFileType = text.plist.xml; path = Info.plist; sourceTree = "<group>"; };
		3E2F83881E4B086C00F459A8 /* TTViewController.h */ = {isa = PBXFileReference; fileEncoding = 4; lastKnownFileType = sourcecode.c.h; path = TTViewController.h; sourceTree = "<group>"; };
		3E2F83891E4B086C00F459A8 /* TTViewController.m */ = {isa = PBXFileReference; fileEncoding = 4; lastKnownFileType = sourcecode.c.objc; path = TTViewController.m; sourceTree = "<group>"; };
		3E2F838E1E4B08D500F459A8 /* ViewController1.h */ = {isa = PBXFileReference; fileEncoding = 4; lastKnownFileType = sourcecode.c.h; path = ViewController1.h; sourceTree = "<group>"; };
		3E2F838F1E4B08D500F459A8 /* ViewController1.m */ = {isa = PBXFileReference; fileEncoding = 4; lastKnownFileType = sourcecode.c.objc; path = ViewController1.m; sourceTree = "<group>"; };
		3E2F83921E4B08E400F459A8 /* DrawView.h */ = {isa = PBXFileReference; fileEncoding = 4; lastKnownFileType = sourcecode.c.h; path = DrawView.h; sourceTree = "<group>"; };
		3E2F83931E4B08E400F459A8 /* DrawView.m */ = {isa = PBXFileReference; fileEncoding = 4; lastKnownFileType = sourcecode.c.objc; path = DrawView.m; sourceTree = "<group>"; };
		3E2F83A61E4B16DC00F459A8 /* TTViewController3.h */ = {isa = PBXFileReference; fileEncoding = 4; lastKnownFileType = sourcecode.c.h; path = TTViewController3.h; sourceTree = "<group>"; };
		3E2F83A71E4B16DC00F459A8 /* TTViewController3.m */ = {isa = PBXFileReference; fileEncoding = 4; lastKnownFileType = sourcecode.c.objc; path = TTViewController3.m; sourceTree = "<group>"; };
		3EABDEE61E4C0FD000DB0422 /* TTViewController3.xib */ = {isa = PBXFileReference; fileEncoding = 4; lastKnownFileType = file.xib; path = TTViewController3.xib; sourceTree = "<group>"; };
		3EABDEEC1E4C0FDF00DB0422 /* Test.bundle */ = {isa = PBXFileReference; explicitFileType = wrapper.cfbundle; includeInIndex = 0; path = Test.bundle; sourceTree = BUILT_PRODUCTS_DIR; };
		3EABDEEE1E4C0FDF00DB0422 /* Info.plist */ = {isa = PBXFileReference; lastKnownFileType = text.plist.xml; path = Info.plist; sourceTree = "<group>"; };
		3EABDEFB1E4C124000DB0422 /* pop@2x.png */ = {isa = PBXFileReference; lastKnownFileType = image.png; path = "pop@2x.png"; sourceTree = "<group>"; };
/* End PBXFileReference section */

/* Begin PBXFrameworksBuildPhase section */
		3E2F83791E4B07D400F459A8 /* Frameworks */ = {
			isa = PBXFrameworksBuildPhase;
			buildActionMask = 2147483647;
			files = (
			);
			runOnlyForDeploymentPostprocessing = 0;
		};
		3EABDEE91E4C0FDF00DB0422 /* Frameworks */ = {
			isa = PBXFrameworksBuildPhase;
			buildActionMask = 2147483647;
			files = (
			);
			runOnlyForDeploymentPostprocessing = 0;
		};
/* End PBXFrameworksBuildPhase section */

/* Begin PBXGroup section */
		3E2F83731E4B07D400F459A8 = {
			isa = PBXGroup;
			children = (
				3E2F837F1E4B07D400F459A8 /* TestFrameWork */,
				3EABDEED1E4C0FDF00DB0422 /* Test */,
				3E2F837E1E4B07D400F459A8 /* Products */,
			);
			sourceTree = "<group>";
		};
		3E2F837E1E4B07D400F459A8 /* Products */ = {
			isa = PBXGroup;
			children = (
				3E2F837D1E4B07D400F459A8 /* TestFrameWork.framework */,
				3EABDEEC1E4C0FDF00DB0422 /* Test.bundle */,
			);
			name = Products;
			sourceTree = "<group>";
		};
		3E2F837F1E4B07D400F459A8 /* TestFrameWork */ = {
			isa = PBXGroup;
			children = (
				3E2F83801E4B07D400F459A8 /* TestFrameWork.h */,
				3E2F83881E4B086C00F459A8 /* TTViewController.h */,
				3E2F83891E4B086C00F459A8 /* TTViewController.m */,
				3E2F83921E4B08E400F459A8 /* DrawView.h */,
				3E2F83931E4B08E400F459A8 /* DrawView.m */,
				3E2F838E1E4B08D500F459A8 /* ViewController1.h */,
				3E2F838F1E4B08D500F459A8 /* ViewController1.m */,
				3E2F83A61E4B16DC00F459A8 /* TTViewController3.h */,
				3E2F83A71E4B16DC00F459A8 /* TTViewController3.m */,
				3EABDEE61E4C0FD000DB0422 /* TTViewController3.xib */,
				3EABDEFB1E4C124000DB0422 /* pop@2x.png */,
				3E2F83811E4B07D400F459A8 /* Info.plist */,
			);
			path = TestFrameWork;
			sourceTree = "<group>";
		};
		3EABDEED1E4C0FDF00DB0422 /* Test */ = {
			isa = PBXGroup;
			children = (
				3EABDEEE1E4C0FDF00DB0422 /* Info.plist */,
			);
			path = Test;
			sourceTree = "<group>";
		};
/* End PBXGroup section */

/* Begin PBXHeadersBuildPhase section */
		3E2F837A1E4B07D400F459A8 /* Headers */ = {
			isa = PBXHeadersBuildPhase;
			buildActionMask = 2147483647;
			files = (
				3E2F83821E4B07D400F459A8 /* TestFrameWork.h in Headers */,
				3E2F838B1E4B086C00F459A8 /* TTViewController.h in Headers */,
				3E2F83A91E4B16DC00F459A8 /* TTViewController3.h in Headers */,
				3E2F83941E4B08E400F459A8 /* DrawView.h in Headers */,
				3E2F83901E4B08D500F459A8 /* ViewController1.h in Headers */,
			);
			runOnlyForDeploymentPostprocessing = 0;
		};
/* End PBXHeadersBuildPhase section */

/* Begin PBXNativeTarget section */
		3E2F837C1E4B07D400F459A8 /* TestFrameWork */ = {
			isa = PBXNativeTarget;
			buildConfigurationList = 3E2F83851E4B07D400F459A8 /* Build configuration list for PBXNativeTarget "TestFrameWork" */;
			buildPhases = (
				3E2F83781E4B07D400F459A8 /* Sources */,
				3E2F83791E4B07D400F459A8 /* Frameworks */,
				3E2F837A1E4B07D400F459A8 /* Headers */,
				3E2F837B1E4B07D400F459A8 /* Resources */,
			);
			buildRules = (
			);
			dependencies = (
			);
			name = TestFrameWork;
			productName = TestFrameWork;
			productReference = 3E2F837D1E4B07D400F459A8 /* TestFrameWork.framework */;
			productType = "com.apple.product-type.framework";
		};
		3EABDEEB1E4C0FDF00DB0422 /* Test */ = {
			isa = PBXNativeTarget;
			buildConfigurationList = 3EABDEEF1E4C0FDF00DB0422 /* Build configuration list for PBXNativeTarget "Test" */;
			buildPhases = (
				3EABDEE81E4C0FDF00DB0422 /* Sources */,
				3EABDEE91E4C0FDF00DB0422 /* Frameworks */,
				3EABDEEA1E4C0FDF00DB0422 /* Resources */,
			);
			buildRules = (
			);
			dependencies = (
			);
			name = Test;
			productName = Test;
			productReference = 3EABDEEC1E4C0FDF00DB0422 /* Test.bundle */;
			productType = "com.apple.product-type.bundle";
		};
/* End PBXNativeTarget section */

/* Begin PBXProject section */
		3E2F83741E4B07D400F459A8 /* Project object */ = {
			isa = PBXProject;
			attributes = {
				LastUpgradeCheck = 0800;
				ORGANIZATIONNAME = "林";
				TargetAttributes = {
					3E2F837C1E4B07D400F459A8 = {
						CreatedOnToolsVersion = 8.0;
						ProvisioningStyle = Automatic;
					};
					3EABDEEB1E4C0FDF00DB0422 = {
						CreatedOnToolsVersion = 8.0;
						ProvisioningStyle = Automatic;
					};
				};
			};
			buildConfigurationList = 3E2F83771E4B07D400F459A8 /* Build configuration list for PBXProject "TestFrameWork" */;
			compatibilityVersion = "Xcode 3.2";
			developmentRegion = English;
			hasScannedForEncodings = 0;
			knownRegions = (
				en,
			);
			mainGroup = 3E2F83731E4B07D400F459A8;
			productRefGroup = 3E2F837E1E4B07D400F459A8 /* Products */;
			projectDirPath = "";
			projectRoot = "";
			targets = (
				3E2F837C1E4B07D400F459A8 /* TestFrameWork */,
				3EABDEEB1E4C0FDF00DB0422 /* Test */,
			);
		};
/* End PBXProject section */

/* Begin PBXResourcesBuildPhase section */
		3E2F837B1E4B07D400F459A8 /* Resources */ = {
			isa = PBXResourcesBuildPhase;
			buildActionMask = 2147483647;
			files = (
				3EABDEE71E4C0FD000DB0422 /* TTViewController3.xib in Resources */,
				3EABDEFC1E4C124000DB0422 /* pop@2x.png in Resources */,
			);
			runOnlyForDeploymentPostprocessing = 0;
		};
		3EABDEEA1E4C0FDF00DB0422 /* Resources */ = {
			isa = PBXResourcesBuildPhase;
			buildActionMask = 2147483647;
			files = (
				3EABDEFD1E4C13BB00DB0422 /* pop@2x.png in Resources */,
				3EABDEF21E4C100000DB0422 /* TTViewController3.xib in Resources */,
			);
			runOnlyForDeploymentPostprocessing = 0;
		};
/* End PBXResourcesBuildPhase section */

/* Begin PBXSourcesBuildPhase section */
		3E2F83781E4B07D400F459A8 /* Sources */ = {
			isa = PBXSourcesBuildPhase;
			buildActionMask = 2147483647;
			files = (
				3E2F83AA1E4B16DC00F459A8 /* TTViewController3.m in Sources */,
				3E2F83911E4B08D500F459A8 /* ViewController1.m in Sources */,
				3E2F838C1E4B086C00F459A8 /* TTViewController.m in Sources */,
				3E2F83951E4B08E400F459A8 /* DrawView.m in Sources */,
			);
			runOnlyForDeploymentPostprocessing = 0;
		};
		3EABDEE81E4C0FDF00DB0422 /* Sources */ = {
			isa = PBXSourcesBuildPhase;
			buildActionMask = 2147483647;
			files = (
			);
			runOnlyForDeploymentPostprocessing = 0;
		};
/* End PBXSourcesBuildPhase section */

/* Begin XCBuildConfiguration section */
		3E2F83831E4B07D400F459A8 /* Debug */ = {
			isa = XCBuildConfiguration;
			buildSettings = {
				ALWAYS_SEARCH_USER_PATHS = NO;
				CLANG_ANALYZER_NONNULL = YES;
				CLANG_CXX_LANGUAGE_STANDARD = "gnu++0x";
				CLANG_CXX_LIBRARY = "libc++";
				CLANG_ENABLE_MODULES = YES;
				CLANG_ENABLE_OBJC_ARC = YES;
				CLANG_WARN_BOOL_CONVERSION = YES;
				CLANG_WARN_CONSTANT_CONVERSION = YES;
				CLANG_WARN_DIRECT_OBJC_ISA_USAGE = YES_ERROR;
				CLANG_WARN_DOCUMENTATION_COMMENTS = YES;
				CLANG_WARN_EMPTY_BODY = YES;
				CLANG_WARN_ENUM_CONVERSION = YES;
				CLANG_WARN_INFINITE_RECURSION = YES;
				CLANG_WARN_INT_CONVERSION = YES;
				CLANG_WARN_OBJC_ROOT_CLASS = YES_ERROR;
				CLANG_WARN_SUSPICIOUS_MOVES = YES;
				CLANG_WARN_UNREACHABLE_CODE = YES;
				CLANG_WARN__DUPLICATE_METHOD_MATCH = YES;
				"CODE_SIGN_IDENTITY[sdk=iphoneos*]" = "iPhone Developer";
				COPY_PHASE_STRIP = NO;
				CURRENT_PROJECT_VERSION = 1;
				DEBUG_INFORMATION_FORMAT = dwarf;
				ENABLE_STRICT_OBJC_MSGSEND = YES;
				ENABLE_TESTABILITY = YES;
				GCC_C_LANGUAGE_STANDARD = gnu99;
				GCC_DYNAMIC_NO_PIC = NO;
				GCC_NO_COMMON_BLOCKS = YES;
				GCC_OPTIMIZATION_LEVEL = 0;
				GCC_PREPROCESSOR_DEFINITIONS = (
					"DEBUG=1",
					"$(inherited)",
				);
				GCC_WARN_64_TO_32_BIT_CONVERSION = YES;
				GCC_WARN_ABOUT_RETURN_TYPE = YES_ERROR;
				GCC_WARN_UNDECLARED_SELECTOR = YES;
				GCC_WARN_UNINITIALIZED_AUTOS = YES_AGGRESSIVE;
				GCC_WARN_UNUSED_FUNCTION = YES;
				GCC_WARN_UNUSED_VARIABLE = YES;
				IPHONEOS_DEPLOYMENT_TARGET = 10.0;
				MTL_ENABLE_DEBUG_INFO = YES;
				ONLY_ACTIVE_ARCH = YES;
				SDKROOT = iphoneos;
				TARGETED_DEVICE_FAMILY = "1,2";
				VERSIONING_SYSTEM = "apple-generic";
				VERSION_INFO_PREFIX = "";
			};
			name = Debug;
		};
		3E2F83841E4B07D400F459A8 /* Release */ = {
			isa = XCBuildConfiguration;
			buildSettings = {
				ALWAYS_SEARCH_USER_PATHS = NO;
				CLANG_ANALYZER_NONNULL = YES;
				CLANG_CXX_LANGUAGE_STANDARD = "gnu++0x";
				CLANG_CXX_LIBRARY = "libc++";
				CLANG_ENABLE_MODULES = YES;
				CLANG_ENABLE_OBJC_ARC = YES;
				CLANG_WARN_BOOL_CONVERSION = YES;
				CLANG_WARN_CONSTANT_CONVERSION = YES;
				CLANG_WARN_DIRECT_OBJC_ISA_USAGE = YES_ERROR;
				CLANG_WARN_DOCUMENTATION_COMMENTS = YES;
				CLANG_WARN_EMPTY_BODY = YES;
				CLANG_WARN_ENUM_CONVERSION = YES;
				CLANG_WARN_INFINITE_RECURSION = YES;
				CLANG_WARN_INT_CONVERSION = YES;
				CLANG_WARN_OBJC_ROOT_CLASS = YES_ERROR;
				CLANG_WARN_SUSPICIOUS_MOVES = YES;
				CLANG_WARN_UNREACHABLE_CODE = YES;
				CLANG_WARN__DUPLICATE_METHOD_MATCH = YES;
				"CODE_SIGN_IDENTITY[sdk=iphoneos*]" = "iPhone Developer";
				COPY_PHASE_STRIP = NO;
				CURRENT_PROJECT_VERSION = 1;
				DEBUG_INFORMATION_FORMAT = "dwarf-with-dsym";
				ENABLE_NS_ASSERTIONS = NO;
				ENABLE_STRICT_OBJC_MSGSEND = YES;
				GCC_C_LANGUAGE_STANDARD = gnu99;
				GCC_NO_COMMON_BLOCKS = YES;
				GCC_WARN_64_TO_32_BIT_CONVERSION = YES;
				GCC_WARN_ABOUT_RETURN_TYPE = YES_ERROR;
				GCC_WARN_UNDECLARED_SELECTOR = YES;
				GCC_WARN_UNINITIALIZED_AUTOS = YES_AGGRESSIVE;
				GCC_WARN_UNUSED_FUNCTION = YES;
				GCC_WARN_UNUSED_VARIABLE = YES;
				IPHONEOS_DEPLOYMENT_TARGET = 10.0;
				MTL_ENABLE_DEBUG_INFO = NO;
				SDKROOT = iphoneos;
				TARGETED_DEVICE_FAMILY = "1,2";
				VALIDATE_PRODUCT = YES;
				VERSIONING_SYSTEM = "apple-generic";
				VERSION_INFO_PREFIX = "";
			};
			name = Release;
		};
		3E2F83861E4B07D400F459A8 /* Debug */ = {
			isa = XCBuildConfiguration;
			buildSettings = {
				CODE_SIGN_IDENTITY = "";
				DEFINES_MODULE = YES;
				DYLIB_COMPATIBILITY_VERSION = 1;
				DYLIB_CURRENT_VERSION = 1;
				DYLIB_INSTALL_NAME_BASE = "@rpath";
				INFOPLIST_FILE = TestFrameWork/Info.plist;
				INSTALL_PATH = "$(LOCAL_LIBRARY_DIR)/Frameworks";
				IPHONEOS_DEPLOYMENT_TARGET = 7.0;
				LD_RUNPATH_SEARCH_PATHS = "$(inherited) @executable_path/Frameworks @loader_path/Frameworks";
				MACH_O_TYPE = staticlib;
				ONLY_ACTIVE_ARCH = NO;
				PRODUCT_BUNDLE_IDENTIFIER = com.owen.TestFrameWork;
				PRODUCT_NAME = "$(TARGET_NAME)";
				SKIP_INSTALL = YES;
			};
			name = Debug;
		};
		3E2F83871E4B07D400F459A8 /* Release */ = {
			isa = XCBuildConfiguration;
			buildSettings = {
				CODE_SIGN_IDENTITY = "";
				DEFINES_MODULE = YES;
				DYLIB_COMPATIBILITY_VERSION = 1;
				DYLIB_CURRENT_VERSION = 1;
				DYLIB_INSTALL_NAME_BASE = "@rpath";
				INFOPLIST_FILE = TestFrameWork/Info.plist;
				INSTALL_PATH = "$(LOCAL_LIBRARY_DIR)/Frameworks";
				IPHONEOS_DEPLOYMENT_TARGET = 7.0;
				LD_RUNPATH_SEARCH_PATHS = "$(inherited) @executable_path/Frameworks @loader_path/Frameworks";
				MACH_O_TYPE = staticlib;
				PRODUCT_BUNDLE_IDENTIFIER = com.owen.TestFrameWork;
				PRODUCT_NAME = "$(TARGET_NAME)";
				SKIP_INSTALL = YES;
			};
			name = Release;
		};
		3EABDEF01E4C0FDF00DB0422 /* Debug */ = {
			isa = XCBuildConfiguration;
			buildSettings = {
				CODE_SIGN_IDENTITY = "-";
				COMBINE_HIDPI_IMAGES = YES;
				ENABLE_BITCODE = NO;
				INFOPLIST_FILE = Test/Info.plist;
				INSTALL_PATH = "$(LOCAL_LIBRARY_DIR)/Bundles";
				IPHONEOS_DEPLOYMENT_TARGET = 8.0;
				MACOSX_DEPLOYMENT_TARGET = 10.11;
				PRODUCT_BUNDLE_IDENTIFIER = com.owen.Test;
				PRODUCT_NAME = "$(TARGET_NAME)";
				SDKROOT = iphoneos;
				SKIP_INSTALL = YES;
				SUPPORTED_PLATFORMS = "iphonesimulator iphoneos";
				WRAPPER_EXTENSION = bundle;
			};
			name = Debug;
		};
		3EABDEF11E4C0FDF00DB0422 /* Release */ = {
			isa = XCBuildConfiguration;
			buildSettings = {
				CODE_SIGN_IDENTITY = "-";
				COMBINE_HIDPI_IMAGES = YES;
				ENABLE_BITCODE = NO;
				INFOPLIST_FILE = Test/Info.plist;
				INSTALL_PATH = "$(LOCAL_LIBRARY_DIR)/Bundles";
				IPHONEOS_DEPLOYMENT_TARGET = 8.0;
				MACOSX_DEPLOYMENT_TARGET = 10.11;
				PRODUCT_BUNDLE_IDENTIFIER = com.owen.Test;
				PRODUCT_NAME = "$(TARGET_NAME)";
				SDKROOT = iphoneos;
				SKIP_INSTALL = YES;
				SUPPORTED_PLATFORMS = "iphonesimulator iphoneos";
				WRAPPER_EXTENSION = bundle;
			};
			name = Release;
		};
/* End XCBuildConfiguration section */

/* Begin XCConfigurationList section */
		3E2F83771E4B07D400F459A8 /* Build configuration list for PBXProject "TestFrameWork" */ = {
			isa = XCConfigurationList;
			buildConfigurations = (
				3E2F83831E4B07D400F459A8 /* Debug */,
				3E2F83841E4B07D400F459A8 /* Release */,
			);
			defaultConfigurationIsVisible = 0;
			defaultConfigurationName = Release;
		};
		3E2F83851E4B07D400F459A8 /* Build configuration list for PBXNativeTarget "TestFrameWork" */ = {
			isa = XCConfigurationList;
			buildConfigurations = (
				3E2F83861E4B07D400F459A8 /* Debug */,
				3E2F83871E4B07D400F459A8 /* Release */,
			);
			defaultConfigurationIsVisible = 0;
			defaultConfigurationName = Release;
		};
		3EABDEEF1E4C0FDF00DB0422 /* Build configuration list for PBXNativeTarget "Test" */ = {
			isa = XCConfigurationList;
			buildConfigurations = (
				3EABDEF01E4C0FDF00DB0422 /* Debug */,
				3EABDEF11E4C0FDF00DB0422 /* Release */,
			);
			defaultConfigurationIsVisible = 0;
		};
/* End XCConfigurationList section */
	};
	rootObject = 3E2F83741E4B07D400F459A8 /* Project object */;
}
